
Microsoft Visual Studio Solution File, Format Version 12.00
# Visual Studio Version 16
VisualStudioVersion = 16.0.30002.166
MinimumVisualStudioVersion = 10.0.40219.1
Project("{FAE04EC0-301F-11D3-BF4B-00C04F79EFBC}") = "Cocoteca", "Cocoteca\Cocoteca.csproj", "{5E2D0666-0138-4CF9-AE1A-C90F4348C17C}"
EndProject
Global
	GlobalSection(SolutionConfigurationPlatforms) = preSolution
		Debug|Any CPU = Debug|Any CPU
		Release|Any CPU = Release|Any CPU
	EndGlobalSection
	GlobalSection(ProjectConfigurationPlatforms) = postSolution
		{5E2D0666-0138-4CF9-AE1A-C90F4348C17C}.Debug|Any CPU.ActiveCfg = Debug|Any CPU
		{5E2D0666-0138-4CF9-AE1A-C90F4348C17C}.Debug|Any CPU.Build.0 = Debug|Any CPU
		{5E2D0666-0138-4CF9-AE1A-C90F4348C17C}.Release|Any CPU.ActiveCfg = Release|Any CPU
		{5E2D0666-0138-4CF9-AE1A-C90F4348C17C}.Release|Any CPU.Build.0 = Release|Any CPU
	EndGlobalSection
	GlobalSection(SolutionProperties) = preSolution
		HideSolutionNode = FALSE
	EndGlobalSection
	GlobalSection(ExtensibilityGlobals) = postSolution
		SolutionGuid = {2283A599-A220-4351-AF7C-1D00EEC1E0F2}
	EndGlobalSection
EndGlobal
