
Microsoft Visual Studio Solution File, Format Version 12.00
# Visual Studio Version 16
VisualStudioVersion = 16.0.29709.97
MinimumVisualStudioVersion = 10.0.40219.1
Project("{9A19103F-16F7-4668-BE54-9A1E7A4F7556}") = "Cocoteca", "Cocoteca.csproj", "{111022DA-498B-450F-AA7A-7370CC73079D}"
EndProject
Global
	GlobalSection(SolutionConfigurationPlatforms) = preSolution
		Debug|Any CPU = Debug|Any CPU
		Release|Any CPU = Release|Any CPU
	EndGlobalSection
	GlobalSection(ProjectConfigurationPlatforms) = postSolution
		{111022DA-498B-450F-AA7A-7370CC73079D}.Debug|Any CPU.ActiveCfg = Debug|Any CPU
		{111022DA-498B-450F-AA7A-7370CC73079D}.Debug|Any CPU.Build.0 = Debug|Any CPU
		{111022DA-498B-450F-AA7A-7370CC73079D}.Release|Any CPU.ActiveCfg = Release|Any CPU
		{111022DA-498B-450F-AA7A-7370CC73079D}.Release|Any CPU.Build.0 = Release|Any CPU
	EndGlobalSection
	GlobalSection(SolutionProperties) = preSolution
		HideSolutionNode = FALSE
	EndGlobalSection
	GlobalSection(ExtensibilityGlobals) = postSolution
		SolutionGuid = {B0F71ABF-6039-4A22-9657-C75E7B3C963F}
	EndGlobalSection
EndGlobal
